
Microsoft Visual Studio Solution File, Format Version 12.00
# Visual Studio Version 17
VisualStudioVersion = 17.4.33213.308
MinimumVisualStudioVersion = 10.0.40219.1
Project("{FAE04EC0-301F-11D3-BF4B-00C04F79EFBC}") = "NrlNtwrk", "NrlNtwrk\NrlNtwrk.csproj", "{583F06A1-B766-4AD6-8464-C0BDB37F90FB}"
EndProject
Global
	GlobalSection(SolutionConfigurationPlatforms) = preSolution
		Debug|Any CPU = Debug|Any CPU
		Release|Any CPU = Release|Any CPU
	EndGlobalSection
	GlobalSection(ProjectConfigurationPlatforms) = postSolution
		{583F06A1-B766-4AD6-8464-C0BDB37F90FB}.Debug|Any CPU.ActiveCfg = Debug|Any CPU
		{583F06A1-B766-4AD6-8464-C0BDB37F90FB}.Debug|Any CPU.Build.0 = Debug|Any CPU
		{583F06A1-B766-4AD6-8464-C0BDB37F90FB}.Release|Any CPU.ActiveCfg = Release|Any CPU
		{583F06A1-B766-4AD6-8464-C0BDB37F90FB}.Release|Any CPU.Build.0 = Release|Any CPU
	EndGlobalSection
	GlobalSection(SolutionProperties) = preSolution
		HideSolutionNode = FALSE
	EndGlobalSection
	GlobalSection(ExtensibilityGlobals) = postSolution
		SolutionGuid = {A7FE5C54-6457-4F1A-918C-19FBB202A787}
	EndGlobalSection
EndGlobal
